
Microsoft Visual Studio Solution File, Format Version 12.00
# Visual Studio Version 17
VisualStudioVersion = 17.0.31903.59
MinimumVisualStudioVersion = 10.0.40219.1
Project("{FAE04EC0-301F-11D3-BF4B-00C04F79EFBC}") = "API", "API\API.csproj", "{40E5C6DC-B431-41C9-AC97-59A1D9272FB2}"
EndProject
Project("{FAE04EC0-301F-11D3-BF4B-00C04F79EFBC}") = "Application", "Application\Application.csproj", "{37C1FE2F-560B-43F6-925F-5AC0E92E8BD2}"
EndProject
Project("{FAE04EC0-301F-11D3-BF4B-00C04F79EFBC}") = "Infrastructure", "Infrastructure\Infrastructure.csproj", "{EEA6AAF0-B3E7-4A18-923B-5D762F4282B6}"
EndProject
Project("{FAE04EC0-301F-11D3-BF4B-00C04F79EFBC}") = "Domain", "Domain\Domain.csproj", "{1AC385C4-7D65-43F3-8EE3-7C60CEE787F3}"
EndProject
Global
	GlobalSection(SolutionConfigurationPlatforms) = preSolution
		Debug|Any CPU = Debug|Any CPU
		Release|Any CPU = Release|Any CPU
	EndGlobalSection
	GlobalSection(SolutionProperties) = preSolution
		HideSolutionNode = FALSE
	EndGlobalSection
	GlobalSection(ProjectConfigurationPlatforms) = postSolution
		{40E5C6DC-B431-41C9-AC97-59A1D9272FB2}.Debug|Any CPU.ActiveCfg = Debug|Any CPU
		{40E5C6DC-B431-41C9-AC97-59A1D9272FB2}.Debug|Any CPU.Build.0 = Debug|Any CPU
		{40E5C6DC-B431-41C9-AC97-59A1D9272FB2}.Release|Any CPU.ActiveCfg = Release|Any CPU
		{40E5C6DC-B431-41C9-AC97-59A1D9272FB2}.Release|Any CPU.Build.0 = Release|Any CPU
		{37C1FE2F-560B-43F6-925F-5AC0E92E8BD2}.Debug|Any CPU.ActiveCfg = Debug|Any CPU
		{37C1FE2F-560B-43F6-925F-5AC0E92E8BD2}.Debug|Any CPU.Build.0 = Debug|Any CPU
		{37C1FE2F-560B-43F6-925F-5AC0E92E8BD2}.Release|Any CPU.ActiveCfg = Release|Any CPU
		{37C1FE2F-560B-43F6-925F-5AC0E92E8BD2}.Release|Any CPU.Build.0 = Release|Any CPU
		{6AD4D908-8EAA-42E9-87F2-875E9E48F814}.Debug|Any CPU.ActiveCfg = Debug|Any CPU
		{6AD4D908-8EAA-42E9-87F2-875E9E48F814}.Debug|Any CPU.Build.0 = Debug|Any CPU
		{6AD4D908-8EAA-42E9-87F2-875E9E48F814}.Release|Any CPU.ActiveCfg = Release|Any CPU
		{6AD4D908-8EAA-42E9-87F2-875E9E48F814}.Release|Any CPU.Build.0 = Release|Any CPU
		{EEA6AAF0-B3E7-4A18-923B-5D762F4282B6}.Debug|Any CPU.ActiveCfg = Debug|Any CPU
		{EEA6AAF0-B3E7-4A18-923B-5D762F4282B6}.Debug|Any CPU.Build.0 = Debug|Any CPU
		{EEA6AAF0-B3E7-4A18-923B-5D762F4282B6}.Release|Any CPU.ActiveCfg = Release|Any CPU
		{EEA6AAF0-B3E7-4A18-923B-5D762F4282B6}.Release|Any CPU.Build.0 = Release|Any CPU
		{1AC385C4-7D65-43F3-8EE3-7C60CEE787F3}.Debug|Any CPU.ActiveCfg = Debug|Any CPU
		{1AC385C4-7D65-43F3-8EE3-7C60CEE787F3}.Debug|Any CPU.Build.0 = Debug|Any CPU
		{1AC385C4-7D65-43F3-8EE3-7C60CEE787F3}.Release|Any CPU.ActiveCfg = Release|Any CPU
		{1AC385C4-7D65-43F3-8EE3-7C60CEE787F3}.Release|Any CPU.Build.0 = Release|Any CPU
	EndGlobalSection
EndGlobal
